
Microsoft Visual Studio Solution File, Format Version 12.00
# Visual Studio Version 17
VisualStudioVersion = 17.9.34723.18
MinimumVisualStudioVersion = 10.0.40219.1
Project("{8BC9CEB8-8B4A-11D0-8D11-00A0C91BC942}") = "lab18_bebin", "lab18_bebin.vcxproj", "{0D9DEC86-740F-4FE0-8FFF-0021202A0970}"
EndProject
Global
	GlobalSection(SolutionConfigurationPlatforms) = preSolution
		Debug|x64 = Debug|x64
		Debug|x86 = Debug|x86
		Release|x64 = Release|x64
		Release|x86 = Release|x86
	EndGlobalSection
	GlobalSection(ProjectConfigurationPlatforms) = postSolution
		{0D9DEC86-740F-4FE0-8FFF-0021202A0970}.Debug|x64.ActiveCfg = Debug|x64
		{0D9DEC86-740F-4FE0-8FFF-0021202A0970}.Debug|x64.Build.0 = Debug|x64
		{0D9DEC86-740F-4FE0-8FFF-0021202A0970}.Debug|x86.ActiveCfg = Debug|Win32
		{0D9DEC86-740F-4FE0-8FFF-0021202A0970}.Debug|x86.Build.0 = Debug|Win32
		{0D9DEC86-740F-4FE0-8FFF-0021202A0970}.Release|x64.ActiveCfg = Release|x64
		{0D9DEC86-740F-4FE0-8FFF-0021202A0970}.Release|x64.Build.0 = Release|x64
		{0D9DEC86-740F-4FE0-8FFF-0021202A0970}.Release|x86.ActiveCfg = Release|Win32
		{0D9DEC86-740F-4FE0-8FFF-0021202A0970}.Release|x86.Build.0 = Release|Win32
	EndGlobalSection
	GlobalSection(SolutionProperties) = preSolution
		HideSolutionNode = FALSE
	EndGlobalSection
	GlobalSection(ExtensibilityGlobals) = postSolution
		SolutionGuid = {845E79A4-40F5-428D-AD2A-1A2CA3741280}
	EndGlobalSection
EndGlobal
